// !$*UTF8*$!
{
	archiveVersion = 1;
	classes = {
	};
	objectVersion = 56;
	objects = {

/* Begin PBXBuildFile section */
		6A2535382AFD269C00A425D0 /* RaflaFinderApp.swift in Sources */ = {isa = PBXBuildFile; fileRef = 6A2535372AFD269C00A425D0 /* RaflaFinderApp.swift */; };
		6A25353A2AFD269C00A425D0 /* ContentView.swift in Sources */ = {isa = PBXBuildFile; fileRef = 6A2535392AFD269C00A425D0 /* ContentView.swift */; };
		6A25353C2AFD269E00A425D0 /* Assets.xcassets in Resources */ = {isa = PBXBuildFile; fileRef = 6A25353B2AFD269E00A425D0 /* Assets.xcassets */; };
		6A25353F2AFD269E00A425D0 /* Preview Assets.xcassets in Resources */ = {isa = PBXBuildFile; fileRef = 6A25353E2AFD269E00A425D0 /* Preview Assets.xcassets */; };
		6AF3F8C42B0A37A90001AB9F /* RestaurantDetailView.swift in Sources */ = {isa = PBXBuildFile; fileRef = 6AF3F8C32B0A37A90001AB9F /* RestaurantDetailView.swift */; };
		6AF3F8C72B0A3A6F0001AB9F /* Location.swift in Sources */ = {isa = PBXBuildFile; fileRef = 6AF3F8C62B0A3A6F0001AB9F /* Location.swift */; };
		6AF3F8C92B0A4AA30001AB9F /* LocationData.swift in Sources */ = {isa = PBXBuildFile; fileRef = 6AF3F8C82B0A4AA30001AB9F /* LocationData.swift */; };
		6AF3F8CB2B0A4CF40001AB9F /* RestaurantView.swift in Sources */ = {isa = PBXBuildFile; fileRef = 6AF3F8CA2B0A4CF40001AB9F /* RestaurantView.swift */; };
		6AF3F8CE2B0BD4F20001AB9F /* RestaurantViewModel.swift in Sources */ = {isa = PBXBuildFile; fileRef = 6AF3F8CD2B0BD4F20001AB9F /* RestaurantViewModel.swift */; };
		6AF3F8D02B0BDD540001AB9F /* RestaurantsListView.swift in Sources */ = {isa = PBXBuildFile; fileRef = 6AF3F8CF2B0BDD540001AB9F /* RestaurantsListView.swift */; };
		6AF3F8D22B0BE8B80001AB9F /* MapAnnotationView.swift in Sources */ = {isa = PBXBuildFile; fileRef = 6AF3F8D12B0BE8B80001AB9F /* MapAnnotationView.swift */; };
/* End PBXBuildFile section */

/* Begin PBXFileReference section */
		6A2535342AFD269C00A425D0 /* RaflaFinder.app */ = {isa = PBXFileReference; explicitFileType = wrapper.application; includeInIndex = 0; path = RaflaFinder.app; sourceTree = BUILT_PRODUCTS_DIR; };
		6A2535372AFD269C00A425D0 /* RaflaFinderApp.swift */ = {isa = PBXFileReference; lastKnownFileType = sourcecode.swift; path = RaflaFinderApp.swift; sourceTree = "<group>"; };
		6A2535392AFD269C00A425D0 /* ContentView.swift */ = {isa = PBXFileReference; lastKnownFileType = sourcecode.swift; path = ContentView.swift; sourceTree = "<group>"; };
		6A25353B2AFD269E00A425D0 /* Assets.xcassets */ = {isa = PBXFileReference; lastKnownFileType = folder.assetcatalog; path = Assets.xcassets; sourceTree = "<group>"; };
		6A25353E2AFD269E00A425D0 /* Preview Assets.xcassets */ = {isa = PBXFileReference; lastKnownFileType = folder.assetcatalog; path = "Preview Assets.xcassets"; sourceTree = "<group>"; };
		6AF3F8C32B0A37A90001AB9F /* RestaurantDetailView.swift */ = {isa = PBXFileReference; lastKnownFileType = sourcecode.swift; path = RestaurantDetailView.swift; sourceTree = "<group>"; };
		6AF3F8C62B0A3A6F0001AB9F /* Location.swift */ = {isa = PBXFileReference; lastKnownFileType = sourcecode.swift; path = Location.swift; sourceTree = "<group>"; };
		6AF3F8C82B0A4AA30001AB9F /* LocationData.swift */ = {isa = PBXFileReference; lastKnownFileType = sourcecode.swift; path = LocationData.swift; sourceTree = "<group>"; };
		6AF3F8CA2B0A4CF40001AB9F /* RestaurantView.swift */ = {isa = PBXFileReference; lastKnownFileType = sourcecode.swift; path = RestaurantView.swift; sourceTree = "<group>"; };
		6AF3F8CD2B0BD4F20001AB9F /* RestaurantViewModel.swift */ = {isa = PBXFileReference; lastKnownFileType = sourcecode.swift; path = RestaurantViewModel.swift; sourceTree = "<group>"; };
		6AF3F8CF2B0BDD540001AB9F /* RestaurantsListView.swift */ = {isa = PBXFileReference; lastKnownFileType = sourcecode.swift; path = RestaurantsListView.swift; sourceTree = "<group>"; };
		6AF3F8D12B0BE8B80001AB9F /* MapAnnotationView.swift */ = {isa = PBXFileReference; lastKnownFileType = sourcecode.swift; path = MapAnnotationView.swift; sourceTree = "<group>"; };
/* End PBXFileReference section */

/* Begin PBXFrameworksBuildPhase section */
		6A2535312AFD269C00A425D0 /* Frameworks */ = {
			isa = PBXFrameworksBuildPhase;
			buildActionMask = 2147483647;
			files = (
			);
			runOnlyForDeploymentPostprocessing = 0;
		};
/* End PBXFrameworksBuildPhase section */

/* Begin PBXGroup section */
		6A25352B2AFD269C00A425D0 = {
			isa = PBXGroup;
			children = (
				6A2535362AFD269C00A425D0 /* RaflaFinder */,
				6A2535352AFD269C00A425D0 /* Products */,
			);
			sourceTree = "<group>";
		};
		6A2535352AFD269C00A425D0 /* Products */ = {
			isa = PBXGroup;
			children = (
				6A2535342AFD269C00A425D0 /* RaflaFinder.app */,
			);
			name = Products;
			sourceTree = "<group>";
		};
		6A2535362AFD269C00A425D0 /* RaflaFinder */ = {
			isa = PBXGroup;
			children = (
				6A2535372AFD269C00A425D0 /* RaflaFinderApp.swift */,
				6A2535392AFD269C00A425D0 /* ContentView.swift */,
				6AF3F8C32B0A37A90001AB9F /* RestaurantDetailView.swift */,
				6AF3F8CA2B0A4CF40001AB9F /* RestaurantView.swift */,
				6AF3F8CF2B0BDD540001AB9F /* RestaurantsListView.swift */,
				6AF3F8D12B0BE8B80001AB9F /* MapAnnotationView.swift */,
				6AF3F8CC2B0BD1EA0001AB9F /* Models */,
				6AF3F8C52B0A3A020001AB9F /* LocationData */,
				6A25353B2AFD269E00A425D0 /* Assets.xcassets */,
				6A25353D2AFD269E00A425D0 /* Preview Content */,
			);
			path = RaflaFinder;
			sourceTree = "<group>";
		};
		6A25353D2AFD269E00A425D0 /* Preview Content */ = {
			isa = PBXGroup;
			children = (
				6A25353E2AFD269E00A425D0 /* Preview Assets.xcassets */,
			);
			path = "Preview Content";
			sourceTree = "<group>";
		};
		6AF3F8C52B0A3A020001AB9F /* LocationData */ = {
			isa = PBXGroup;
			children = (
				6AF3F8C62B0A3A6F0001AB9F /* Location.swift */,
				6AF3F8C82B0A4AA30001AB9F /* LocationData.swift */,
			);
			path = LocationData;
			sourceTree = "<group>";
		};
		6AF3F8CC2B0BD1EA0001AB9F /* Models */ = {
			isa = PBXGroup;
			children = (
				6AF3F8CD2B0BD4F20001AB9F /* RestaurantViewModel.swift */,
			);
			path = Models;
			sourceTree = "<group>";
		};
/* End PBXGroup section */

/* Begin PBXNativeTarget section */
		6A2535332AFD269C00A425D0 /* RaflaFinder */ = {
			isa = PBXNativeTarget;
			buildConfigurationList = 6A2535422AFD269E00A425D0 /* Build configuration list for PBXNativeTarget "RaflaFinder" */;
			buildPhases = (
				6A2535302AFD269C00A425D0 /* Sources */,
				6A2535312AFD269C00A425D0 /* Frameworks */,
				6A2535322AFD269C00A425D0 /* Resources */,
			);
			buildRules = (
			);
			dependencies = (
			);
			name = RaflaFinder;
			productName = RaflaFinder;
			productReference = 6A2535342AFD269C00A425D0 /* RaflaFinder.app */;
			productType = "com.apple.product-type.application";
		};
/* End PBXNativeTarget section */

/* Begin PBXProject section */
		6A25352C2AFD269C00A425D0 /* Project object */ = {
			isa = PBXProject;
			attributes = {
				BuildIndependentTargetsInParallel = 1;
				LastSwiftUpdateCheck = 1430;
				LastUpgradeCheck = 1430;
				TargetAttributes = {
					6A2535332AFD269C00A425D0 = {
						CreatedOnToolsVersion = 14.3.1;
					};
				};
			};
			buildConfigurationList = 6A25352F2AFD269C00A425D0 /* Build configuration list for PBXProject "RaflaFinder" */;
			compatibilityVersion = "Xcode 14.0";
			developmentRegion = en;
			hasScannedForEncodings = 0;
			knownRegions = (
				en,
				Base,
			);
			mainGroup = 6A25352B2AFD269C00A425D0;
			productRefGroup = 6A2535352AFD269C00A425D0 /* Products */;
			projectDirPath = "";
			projectRoot = "";
			targets = (
				6A2535332AFD269C00A425D0 /* RaflaFinder */,
			);
		};
/* End PBXProject section */

/* Begin PBXResourcesBuildPhase section */
		6A2535322AFD269C00A425D0 /* Resources */ = {
			isa = PBXResourcesBuildPhase;
			buildActionMask = 2147483647;
			files = (
				6A25353F2AFD269E00A425D0 /* Preview Assets.xcassets in Resources */,
				6A25353C2AFD269E00A425D0 /* Assets.xcassets in Resources */,
			);
			runOnlyForDeploymentPostprocessing = 0;
		};
/* End PBXResourcesBuildPhase section */

/* Begin PBXSourcesBuildPhase section */
		6A2535302AFD269C00A425D0 /* Sources */ = {
			isa = PBXSourcesBuildPhase;
			buildActionMask = 2147483647;
			files = (
				6A25353A2AFD269C00A425D0 /* ContentView.swift in Sources */,
				6AF3F8C72B0A3A6F0001AB9F /* Location.swift in Sources */,
				6A2535382AFD269C00A425D0 /* RaflaFinderApp.swift in Sources */,
				6AF3F8C42B0A37A90001AB9F /* RestaurantDetailView.swift in Sources */,
				6AF3F8C92B0A4AA30001AB9F /* LocationData.swift in Sources */,
				6AF3F8CB2B0A4CF40001AB9F /* RestaurantView.swift in Sources */,
				6AF3F8D22B0BE8B80001AB9F /* MapAnnotationView.swift in Sources */,
				6AF3F8CE2B0BD4F20001AB9F /* RestaurantViewModel.swift in Sources */,
				6AF3F8D02B0BDD540001AB9F /* RestaurantsListView.swift in Sources */,
			);
			runOnlyForDeploymentPostprocessing = 0;
		};
/* End PBXSourcesBuildPhase section */

/* Begin XCBuildConfiguration section */
		6A2535402AFD269E00A425D0 /* Debug */ = {
			isa = XCBuildConfiguration;
			buildSettings = {
				ALWAYS_SEARCH_USER_PATHS = NO;
				CLANG_ANALYZER_NONNULL = YES;
				CLANG_ANALYZER_NUMBER_OBJECT_CONVERSION = YES_AGGRESSIVE;
				CLANG_CXX_LANGUAGE_STANDARD = "gnu++20";
				CLANG_ENABLE_MODULES = YES;
				CLANG_ENABLE_OBJC_ARC = YES;
				CLANG_ENABLE_OBJC_WEAK = YES;
				CLANG_WARN_BLOCK_CAPTURE_AUTORELEASING = YES;
				CLANG_WARN_BOOL_CONVERSION = YES;
				CLANG_WARN_COMMA = YES;
				CLANG_WARN_CONSTANT_CONVERSION = YES;
				CLANG_WARN_DEPRECATED_OBJC_IMPLEMENTATIONS = YES;
				CLANG_WARN_DIRECT_OBJC_ISA_USAGE = YES_ERROR;
				CLANG_WARN_DOCUMENTATION_COMMENTS = YES;
				CLANG_WARN_EMPTY_BODY = YES;
				CLANG_WARN_ENUM_CONVERSION = YES;
				CLANG_WARN_INFINITE_RECURSION = YES;
				CLANG_WARN_INT_CONVERSION = YES;
				CLANG_WARN_NON_LITERAL_NULL_CONVERSION = YES;
				CLANG_WARN_OBJC_IMPLICIT_RETAIN_SELF = YES;
				CLANG_WARN_OBJC_LITERAL_CONVERSION = YES;
				CLANG_WARN_OBJC_ROOT_CLASS = YES_ERROR;
				CLANG_WARN_QUOTED_INCLUDE_IN_FRAMEWORK_HEADER = YES;
				CLANG_WARN_RANGE_LOOP_ANALYSIS = YES;
				CLANG_WARN_STRICT_PROTOTYPES = YES;
				CLANG_WARN_SUSPICIOUS_MOVE = YES;
				CLANG_WARN_UNGUARDED_AVAILABILITY = YES_AGGRESSIVE;
				CLANG_WARN_UNREACHABLE_CODE = YES;
				CLANG_WARN__DUPLICATE_METHOD_MATCH = YES;
				COPY_PHASE_STRIP = NO;
				DEBUG_INFORMATION_FORMAT = dwarf;
				ENABLE_STRICT_OBJC_MSGSEND = YES;
				ENABLE_TESTABILITY = YES;
				GCC_C_LANGUAGE_STANDARD = gnu11;
				GCC_DYNAMIC_NO_PIC = NO;
				GCC_NO_COMMON_BLOCKS = YES;
				GCC_OPTIMIZATION_LEVEL = 0;
				GCC_PREPROCESSOR_DEFINITIONS = (
					"DEBUG=1",
					"$(inherited)",
				);
				GCC_WARN_64_TO_32_BIT_CONVERSION = YES;
				GCC_WARN_ABOUT_RETURN_TYPE = YES_ERROR;
				GCC_WARN_UNDECLARED_SELECTOR = YES;
				GCC_WARN_UNINITIALIZED_AUTOS = YES_AGGRESSIVE;
				GCC_WARN_UNUSED_FUNCTION = YES;
				GCC_WARN_UNUSED_VARIABLE = YES;
				IPHONEOS_DEPLOYMENT_TARGET = 16.4;
				MTL_ENABLE_DEBUG_INFO = INCLUDE_SOURCE;
				MTL_FAST_MATH = YES;
				ONLY_ACTIVE_ARCH = YES;
				SDKROOT = iphoneos;
				SWIFT_ACTIVE_COMPILATION_CONDITIONS = DEBUG;
				SWIFT_OPTIMIZATION_LEVEL = "-Onone";
			};
			name = Debug;
		};
		6A2535412AFD269E00A425D0 /* Release */ = {
			isa = XCBuildConfiguration;
			buildSettings = {
				ALWAYS_SEARCH_USER_PATHS = NO;
				CLANG_ANALYZER_NONNULL = YES;
				CLANG_ANALYZER_NUMBER_OBJECT_CONVERSION = YES_AGGRESSIVE;
				CLANG_CXX_LANGUAGE_STANDARD = "gnu++20";
				CLANG_ENABLE_MODULES = YES;
				CLANG_ENABLE_OBJC_ARC = YES;
				CLANG_ENABLE_OBJC_WEAK = YES;
				CLANG_WARN_BLOCK_CAPTURE_AUTORELEASING = YES;
				CLANG_WARN_BOOL_CONVERSION = YES;
				CLANG_WARN_COMMA = YES;
				CLANG_WARN_CONSTANT_CONVERSION = YES;
				CLANG_WARN_DEPRECATED_OBJC_IMPLEMENTATIONS = YES;
				CLANG_WARN_DIRECT_OBJC_ISA_USAGE = YES_ERROR;
				CLANG_WARN_DOCUMENTATION_COMMENTS = YES;
				CLANG_WARN_EMPTY_BODY = YES;
				CLANG_WARN_ENUM_CONVERSION = YES;
				CLANG_WARN_INFINITE_RECURSION = YES;
				CLANG_WARN_INT_CONVERSION = YES;
				CLANG_WARN_NON_LITERAL_NULL_CONVERSION = YES;
				CLANG_WARN_OBJC_IMPLICIT_RETAIN_SELF = YES;
				CLANG_WARN_OBJC_LITERAL_CONVERSION = YES;
				CLANG_WARN_OBJC_ROOT_CLASS = YES_ERROR;
				CLANG_WARN_QUOTED_INCLUDE_IN_FRAMEWORK_HEADER = YES;
				CLANG_WARN_RANGE_LOOP_ANALYSIS = YES;
				CLANG_WARN_STRICT_PROTOTYPES = YES;
				CLANG_WARN_SUSPICIOUS_MOVE = YES;
				CLANG_WARN_UNGUARDED_AVAILABILITY = YES_AGGRESSIVE;
				CLANG_WARN_UNREACHABLE_CODE = YES;
				CLANG_WARN__DUPLICATE_METHOD_MATCH = YES;
				COPY_PHASE_STRIP = NO;
				DEBUG_INFORMATION_FORMAT = "dwarf-with-dsym";
				ENABLE_NS_ASSERTIONS = NO;
				ENABLE_STRICT_OBJC_MSGSEND = YES;
				GCC_C_LANGUAGE_STANDARD = gnu11;
				GCC_NO_COMMON_BLOCKS = YES;
				GCC_WARN_64_TO_32_BIT_CONVERSION = YES;
				GCC_WARN_ABOUT_RETURN_TYPE = YES_ERROR;
				GCC_WARN_UNDECLARED_SELECTOR = YES;
				GCC_WARN_UNINITIALIZED_AUTOS = YES_AGGRESSIVE;
				GCC_WARN_UNUSED_FUNCTION = YES;
				GCC_WARN_UNUSED_VARIABLE = YES;
				IPHONEOS_DEPLOYMENT_TARGET = 16.4;
				MTL_ENABLE_DEBUG_INFO = NO;
				MTL_FAST_MATH = YES;
				SDKROOT = iphoneos;
				SWIFT_COMPILATION_MODE = wholemodule;
				SWIFT_OPTIMIZATION_LEVEL = "-O";
				VALIDATE_PRODUCT = YES;
			};
			name = Release;
		};
		6A2535432AFD269E00A425D0 /* Debug */ = {
			isa = XCBuildConfiguration;
			buildSettings = {
				ASSETCATALOG_COMPILER_APPICON_NAME = AppIcon;
				ASSETCATALOG_COMPILER_GLOBAL_ACCENT_COLOR_NAME = AccentColor;
				CODE_SIGN_STYLE = Automatic;
				CURRENT_PROJECT_VERSION = 1;
				DEVELOPMENT_ASSET_PATHS = "\"RaflaFinder/Preview Content\"";
				ENABLE_PREVIEWS = YES;
				GENERATE_INFOPLIST_FILE = YES;
				INFOPLIST_KEY_LSApplicationCategoryType = "";
				INFOPLIST_KEY_NSLocationWhenInUseUsageDescription = "We need your information to sell to META";
				INFOPLIST_KEY_UIApplicationSceneManifest_Generation = YES;
				INFOPLIST_KEY_UIApplicationSupportsIndirectInputEvents = YES;
				INFOPLIST_KEY_UILaunchScreen_Generation = YES;
				INFOPLIST_KEY_UISupportedInterfaceOrientations_iPad = "UIInterfaceOrientationPortrait UIInterfaceOrientationPortraitUpsideDown UIInterfaceOrientationLandscapeLeft UIInterfaceOrientationLandscapeRight";
				INFOPLIST_KEY_UISupportedInterfaceOrientations_iPhone = "UIInterfaceOrientationPortrait UIInterfaceOrientationLandscapeLeft UIInterfaceOrientationLandscapeRight";
				LD_RUNPATH_SEARCH_PATHS = (
					"$(inherited)",
					"@executable_path/Frameworks",
				);
				MARKETING_VERSION = 1.0;
				PRODUCT_BUNDLE_IDENTIFIER = "christio-metropolia.fi.RaflaFinder";
				PRODUCT_NAME = "$(TARGET_NAME)";
				SWIFT_EMIT_LOC_STRINGS = YES;
				SWIFT_VERSION = 5.0;
				TARGETED_DEVICE_FAMILY = "1,2";
			};
			name = Debug;
		};
		6A2535442AFD269E00A425D0 /* Release */ = {
			isa = XCBuildConfiguration;
			buildSettings = {
				ASSETCATALOG_COMPILER_APPICON_NAME = AppIcon;
				ASSETCATALOG_COMPILER_GLOBAL_ACCENT_COLOR_NAME = AccentColor;
				CODE_SIGN_STYLE = Automatic;
				CURRENT_PROJECT_VERSION = 1;
				DEVELOPMENT_ASSET_PATHS = "\"RaflaFinder/Preview Content\"";
				ENABLE_PREVIEWS = YES;
				GENERATE_INFOPLIST_FILE = YES;
				INFOPLIST_KEY_LSApplicationCategoryType = "";
				INFOPLIST_KEY_NSLocationWhenInUseUsageDescription = "We need your information to sell to META";
				INFOPLIST_KEY_UIApplicationSceneManifest_Generation = YES;
				INFOPLIST_KEY_UIApplicationSupportsIndirectInputEvents = YES;
				INFOPLIST_KEY_UILaunchScreen_Generation = YES;
				INFOPLIST_KEY_UISupportedInterfaceOrientations_iPad = "UIInterfaceOrientationPortrait UIInterfaceOrientationPortraitUpsideDown UIInterfaceOrientationLandscapeLeft UIInterfaceOrientationLandscapeRight";
				INFOPLIST_KEY_UISupportedInterfaceOrientations_iPhone = "UIInterfaceOrientationPortrait UIInterfaceOrientationLandscapeLeft UIInterfaceOrientationLandscapeRight";
				LD_RUNPATH_SEARCH_PATHS = (
					"$(inherited)",
					"@executable_path/Frameworks",
				);
				MARKETING_VERSION = 1.0;
				PRODUCT_BUNDLE_IDENTIFIER = "christio-metropolia.fi.RaflaFinder";
				PRODUCT_NAME = "$(TARGET_NAME)";
				SWIFT_EMIT_LOC_STRINGS = YES;
				SWIFT_VERSION = 5.0;
				TARGETED_DEVICE_FAMILY = "1,2";
			};
			name = Release;
		};
/* End XCBuildConfiguration section */

/* Begin XCConfigurationList section */
		6A25352F2AFD269C00A425D0 /* Build configuration list for PBXProject "RaflaFinder" */ = {
			isa = XCConfigurationList;
			buildConfigurations = (
				6A2535402AFD269E00A425D0 /* Debug */,
				6A2535412AFD269E00A425D0 /* Release */,
			);
			defaultConfigurationIsVisible = 0;
			defaultConfigurationName = Release;
		};
		6A2535422AFD269E00A425D0 /* Build configuration list for PBXNativeTarget "RaflaFinder" */ = {
			isa = XCConfigurationList;
			buildConfigurations = (
				6A2535432AFD269E00A425D0 /* Debug */,
				6A2535442AFD269E00A425D0 /* Release */,
			);
			defaultConfigurationIsVisible = 0;
			defaultConfigurationName = Release;
		};
/* End XCConfigurationList section */
	};
	rootObject = 6A25352C2AFD269C00A425D0 /* Project object */;
}
