// !$*UTF8*$!
{
	archiveVersion = 1;
	classes = {
	};
	objectVersion = 56;
	objects = {

/* Begin PBXBuildFile section */
		6AF3F8B62B04FC9C0001AB9F /* RafFinderApp.swift in Sources */ = {isa = PBXBuildFile; fileRef = 6AF3F8B52B04FC9C0001AB9F /* RafFinderApp.swift */; };
		6AF3F8BA2B04FC9E0001AB9F /* Assets.xcassets in Resources */ = {isa = PBXBuildFile; fileRef = 6AF3F8B92B04FC9E0001AB9F /* Assets.xcassets */; };
		6AF3F8BD2B04FC9E0001AB9F /* Preview Assets.xcassets in Resources */ = {isa = PBXBuildFile; fileRef = 6AF3F8BC2B04FC9E0001AB9F /* Preview Assets.xcassets */; };
		FC54971C2B28617C00B88E68 /* LanguageManager.swift in Sources */ = {isa = PBXBuildFile; fileRef = FC54971B2B28617C00B88E68 /* LanguageManager.swift */; };
		FC66648E2B1364BE00937750 /* LocationManager.swift in Sources */ = {isa = PBXBuildFile; fileRef = FC66648D2B1364BE00937750 /* LocationManager.swift */; };
		FC6664902B1364E600937750 /* FrontView.swift in Sources */ = {isa = PBXBuildFile; fileRef = FC66648F2B1364E600937750 /* FrontView.swift */; };
		FC6664922B13652F00937750 /* HomeView.swift in Sources */ = {isa = PBXBuildFile; fileRef = FC6664912B13652F00937750 /* HomeView.swift */; };
		FC6664942B13655500937750 /* RaflaMapRepresentable.swift in Sources */ = {isa = PBXBuildFile; fileRef = FC6664932B13655500937750 /* RaflaMapRepresentable.swift */; };
		FC6664962B13657D00937750 /* LocationSearchActivationView.swift in Sources */ = {isa = PBXBuildFile; fileRef = FC6664952B13657D00937750 /* LocationSearchActivationView.swift */; };
		FC6664982B1365B600937750 /* LocationSearchView.swift in Sources */ = {isa = PBXBuildFile; fileRef = FC6664972B1365B600937750 /* LocationSearchView.swift */; };
		FC66649A2B1365ED00937750 /* LocationSearchResult.swift in Sources */ = {isa = PBXBuildFile; fileRef = FC6664992B1365ED00937750 /* LocationSearchResult.swift */; };
		FC84746A2B20E6C500C42732 /* SpeechRecognizer.swift in Sources */ = {isa = PBXBuildFile; fileRef = FC8474692B20E6C500C42732 /* SpeechRecognizer.swift */; };
		FC84746D2B20E7B400C42732 /* Location.swift in Sources */ = {isa = PBXBuildFile; fileRef = FC84746C2B20E7B400C42732 /* Location.swift */; };
		FC84746F2B20E7C800C42732 /* LocationData.swift in Sources */ = {isa = PBXBuildFile; fileRef = FC84746E2B20E7C800C42732 /* LocationData.swift */; };
		FC8474712B20E7EA00C42732 /* RestaurantViewModel.swift in Sources */ = {isa = PBXBuildFile; fileRef = FC8474702B20E7EA00C42732 /* RestaurantViewModel.swift */; };
		FC8474742B20E81200C42732 /* FindSearch.swift in Sources */ = {isa = PBXBuildFile; fileRef = FC8474732B20E81200C42732 /* FindSearch.swift */; };
		FC8474762B20E86C00C42732 /* Menu.swift in Sources */ = {isa = PBXBuildFile; fileRef = FC8474752B20E86C00C42732 /* Menu.swift */; };
		FC8474792B20E8A900C42732 /* MapAnnotationView.swift in Sources */ = {isa = PBXBuildFile; fileRef = FC8474782B20E8A900C42732 /* MapAnnotationView.swift */; };
		FC84747B2B20E8D400C42732 /* RestaurantDetailView.swift in Sources */ = {isa = PBXBuildFile; fileRef = FC84747A2B20E8D400C42732 /* RestaurantDetailView.swift */; };
		FC84747D2B20E8ED00C42732 /* RestaurantPreview.swift in Sources */ = {isa = PBXBuildFile; fileRef = FC84747C2B20E8ED00C42732 /* RestaurantPreview.swift */; };
		FC84747F2B20E90000C42732 /* RestaurantView.swift in Sources */ = {isa = PBXBuildFile; fileRef = FC84747E2B20E90000C42732 /* RestaurantView.swift */; };
		FC8474812B20E91A00C42732 /* RestaurantListView.swift in Sources */ = {isa = PBXBuildFile; fileRef = FC8474802B20E91A00C42732 /* RestaurantListView.swift */; };
		FC8474832B20F06D00C42732 /* ErrorWrapper.swift in Sources */ = {isa = PBXBuildFile; fileRef = FC8474822B20F06D00C42732 /* ErrorWrapper.swift */; };
/* End PBXBuildFile section */

/* Begin PBXFileReference section */
		6AF3F8B22B04FC9C0001AB9F /* RafFinder.app */ = {isa = PBXFileReference; explicitFileType = wrapper.application; includeInIndex = 0; path = RafFinder.app; sourceTree = BUILT_PRODUCTS_DIR; };
		6AF3F8B52B04FC9C0001AB9F /* RafFinderApp.swift */ = {isa = PBXFileReference; lastKnownFileType = sourcecode.swift; path = RafFinderApp.swift; sourceTree = "<group>"; };
		6AF3F8B92B04FC9E0001AB9F /* Assets.xcassets */ = {isa = PBXFileReference; lastKnownFileType = folder.assetcatalog; path = Assets.xcassets; sourceTree = "<group>"; };
		6AF3F8BC2B04FC9E0001AB9F /* Preview Assets.xcassets */ = {isa = PBXFileReference; lastKnownFileType = folder.assetcatalog; path = "Preview Assets.xcassets"; sourceTree = "<group>"; };
		FC54971B2B28617C00B88E68 /* LanguageManager.swift */ = {isa = PBXFileReference; lastKnownFileType = sourcecode.swift; path = LanguageManager.swift; sourceTree = "<group>"; };
		FC66648D2B1364BE00937750 /* LocationManager.swift */ = {isa = PBXFileReference; lastKnownFileType = sourcecode.swift; path = LocationManager.swift; sourceTree = "<group>"; };
		FC66648F2B1364E600937750 /* FrontView.swift */ = {isa = PBXFileReference; lastKnownFileType = sourcecode.swift; path = FrontView.swift; sourceTree = "<group>"; };
		FC6664912B13652F00937750 /* HomeView.swift */ = {isa = PBXFileReference; lastKnownFileType = sourcecode.swift; path = HomeView.swift; sourceTree = "<group>"; };
		FC6664932B13655500937750 /* RaflaMapRepresentable.swift */ = {isa = PBXFileReference; lastKnownFileType = sourcecode.swift; path = RaflaMapRepresentable.swift; sourceTree = "<group>"; };
		FC6664952B13657D00937750 /* LocationSearchActivationView.swift */ = {isa = PBXFileReference; lastKnownFileType = sourcecode.swift; path = LocationSearchActivationView.swift; sourceTree = "<group>"; };
		FC6664972B1365B600937750 /* LocationSearchView.swift */ = {isa = PBXFileReference; lastKnownFileType = sourcecode.swift; path = LocationSearchView.swift; sourceTree = "<group>"; };
		FC6664992B1365ED00937750 /* LocationSearchResult.swift */ = {isa = PBXFileReference; lastKnownFileType = sourcecode.swift; path = LocationSearchResult.swift; sourceTree = "<group>"; };
		FC8474692B20E6C500C42732 /* SpeechRecognizer.swift */ = {isa = PBXFileReference; lastKnownFileType = sourcecode.swift; path = SpeechRecognizer.swift; sourceTree = "<group>"; };
		FC84746C2B20E7B400C42732 /* Location.swift */ = {isa = PBXFileReference; lastKnownFileType = sourcecode.swift; path = Location.swift; sourceTree = "<group>"; };
		FC84746E2B20E7C800C42732 /* LocationData.swift */ = {isa = PBXFileReference; lastKnownFileType = sourcecode.swift; path = LocationData.swift; sourceTree = "<group>"; };
		FC8474702B20E7EA00C42732 /* RestaurantViewModel.swift */ = {isa = PBXFileReference; lastKnownFileType = sourcecode.swift; path = RestaurantViewModel.swift; sourceTree = "<group>"; };
		FC8474732B20E81200C42732 /* FindSearch.swift */ = {isa = PBXFileReference; lastKnownFileType = sourcecode.swift; path = FindSearch.swift; sourceTree = "<group>"; };
		FC8474752B20E86C00C42732 /* Menu.swift */ = {isa = PBXFileReference; lastKnownFileType = sourcecode.swift; path = Menu.swift; sourceTree = "<group>"; };
		FC8474782B20E8A900C42732 /* MapAnnotationView.swift */ = {isa = PBXFileReference; lastKnownFileType = sourcecode.swift; path = MapAnnotationView.swift; sourceTree = "<group>"; };
		FC84747A2B20E8D400C42732 /* RestaurantDetailView.swift */ = {isa = PBXFileReference; lastKnownFileType = sourcecode.swift; path = RestaurantDetailView.swift; sourceTree = "<group>"; };
		FC84747C2B20E8ED00C42732 /* RestaurantPreview.swift */ = {isa = PBXFileReference; lastKnownFileType = sourcecode.swift; path = RestaurantPreview.swift; sourceTree = "<group>"; };
		FC84747E2B20E90000C42732 /* RestaurantView.swift */ = {isa = PBXFileReference; lastKnownFileType = sourcecode.swift; path = RestaurantView.swift; sourceTree = "<group>"; };
		FC8474802B20E91A00C42732 /* RestaurantListView.swift */ = {isa = PBXFileReference; lastKnownFileType = sourcecode.swift; path = RestaurantListView.swift; sourceTree = "<group>"; };
		FC8474822B20F06D00C42732 /* ErrorWrapper.swift */ = {isa = PBXFileReference; lastKnownFileType = sourcecode.swift; path = ErrorWrapper.swift; sourceTree = "<group>"; };
/* End PBXFileReference section */

/* Begin PBXFrameworksBuildPhase section */
		6AF3F8AF2B04FC9C0001AB9F /* Frameworks */ = {
			isa = PBXFrameworksBuildPhase;
			buildActionMask = 2147483647;
			files = (
			);
			runOnlyForDeploymentPostprocessing = 0;
		};
/* End PBXFrameworksBuildPhase section */

/* Begin PBXGroup section */
		6AF3F8A92B04FC9C0001AB9F = {
			isa = PBXGroup;
			children = (
				6AF3F8B42B04FC9C0001AB9F /* RafFinder */,
				6AF3F8B32B04FC9C0001AB9F /* Products */,
			);
			sourceTree = "<group>";
		};
		6AF3F8B32B04FC9C0001AB9F /* Products */ = {
			isa = PBXGroup;
			children = (
				6AF3F8B22B04FC9C0001AB9F /* RafFinder.app */,
			);
			name = Products;
			sourceTree = "<group>";
		};
		6AF3F8B42B04FC9C0001AB9F /* RafFinder */ = {
			isa = PBXGroup;
			children = (
				FC8474772B20E89500C42732 /* RestaurantsViews */,
				FC8474722B20E80500C42732 /* ApiFiles */,
				FC84746B2B20E7A600C42732 /* LocationData */,
				FC8474682B20E6B700C42732 /* Models */,
				FC66648C2B1364A600937750 /* Managers */,
				FC6664882B13644C00937750 /* Core */,
				6AF3F8B52B04FC9C0001AB9F /* RafFinderApp.swift */,
				FC66648F2B1364E600937750 /* FrontView.swift */,
				6AF3F8B92B04FC9E0001AB9F /* Assets.xcassets */,
				6AF3F8BB2B04FC9E0001AB9F /* Preview Content */,
				FC8474752B20E86C00C42732 /* Menu.swift */,
				FC54971B2B28617C00B88E68 /* LanguageManager.swift */,
			);
			path = RafFinder;
			sourceTree = "<group>";
		};
		6AF3F8BB2B04FC9E0001AB9F /* Preview Content */ = {
			isa = PBXGroup;
			children = (
				6AF3F8BC2B04FC9E0001AB9F /* Preview Assets.xcassets */,
			);
			path = "Preview Content";
			sourceTree = "<group>";
		};
		FC6664882B13644C00937750 /* Core */ = {
			isa = PBXGroup;
			children = (
				FC66648B2B13648000937750 /* Location */,
				FC6664892B13645200937750 /* Home */,
			);
			path = Core;
			sourceTree = "<group>";
		};
		FC6664892B13645200937750 /* Home */ = {
			isa = PBXGroup;
			children = (
				FC6664912B13652F00937750 /* HomeView.swift */,
				FC6664932B13655500937750 /* RaflaMapRepresentable.swift */,
			);
			path = Home;
			sourceTree = "<group>";
		};
		FC66648B2B13648000937750 /* Location */ = {
			isa = PBXGroup;
			children = (
				FC6664952B13657D00937750 /* LocationSearchActivationView.swift */,
				FC6664972B1365B600937750 /* LocationSearchView.swift */,
				FC6664992B1365ED00937750 /* LocationSearchResult.swift */,
			);
			path = Location;
			sourceTree = "<group>";
		};
		FC66648C2B1364A600937750 /* Managers */ = {
			isa = PBXGroup;
			children = (
				FC66648D2B1364BE00937750 /* LocationManager.swift */,
			);
			path = Managers;
			sourceTree = "<group>";
		};
		FC8474682B20E6B700C42732 /* Models */ = {
			isa = PBXGroup;
			children = (
				FC8474692B20E6C500C42732 /* SpeechRecognizer.swift */,
				FC8474702B20E7EA00C42732 /* RestaurantViewModel.swift */,
				FC8474822B20F06D00C42732 /* ErrorWrapper.swift */,
			);
			path = Models;
			sourceTree = "<group>";
		};
		FC84746B2B20E7A600C42732 /* LocationData */ = {
			isa = PBXGroup;
			children = (
				FC84746C2B20E7B400C42732 /* Location.swift */,
				FC84746E2B20E7C800C42732 /* LocationData.swift */,
			);
			path = LocationData;
			sourceTree = "<group>";
		};
		FC8474722B20E80500C42732 /* ApiFiles */ = {
			isa = PBXGroup;
			children = (
				FC8474732B20E81200C42732 /* FindSearch.swift */,
			);
			path = ApiFiles;
			sourceTree = "<group>";
		};
		FC8474772B20E89500C42732 /* RestaurantsViews */ = {
			isa = PBXGroup;
			children = (
				FC8474782B20E8A900C42732 /* MapAnnotationView.swift */,
				FC84747A2B20E8D400C42732 /* RestaurantDetailView.swift */,
				FC84747C2B20E8ED00C42732 /* RestaurantPreview.swift */,
				FC84747E2B20E90000C42732 /* RestaurantView.swift */,
				FC8474802B20E91A00C42732 /* RestaurantListView.swift */,
			);
			path = RestaurantsViews;
			sourceTree = "<group>";
		};
/* End PBXGroup section */

/* Begin PBXNativeTarget section */
		6AF3F8B12B04FC9C0001AB9F /* RafFinder */ = {
			isa = PBXNativeTarget;
			buildConfigurationList = 6AF3F8C02B04FC9E0001AB9F /* Build configuration list for PBXNativeTarget "RafFinder" */;
			buildPhases = (
				6AF3F8AE2B04FC9C0001AB9F /* Sources */,
				6AF3F8AF2B04FC9C0001AB9F /* Frameworks */,
				6AF3F8B02B04FC9C0001AB9F /* Resources */,
			);
			buildRules = (
			);
			dependencies = (
			);
			name = RafFinder;
			productName = RafFinder;
			productReference = 6AF3F8B22B04FC9C0001AB9F /* RafFinder.app */;
			productType = "com.apple.product-type.application";
		};
/* End PBXNativeTarget section */

/* Begin PBXProject section */
		6AF3F8AA2B04FC9C0001AB9F /* Project object */ = {
			isa = PBXProject;
			attributes = {
				BuildIndependentTargetsInParallel = 1;
				LastSwiftUpdateCheck = 1430;
				LastUpgradeCheck = 1430;
				TargetAttributes = {
					6AF3F8B12B04FC9C0001AB9F = {
						CreatedOnToolsVersion = 14.3.1;
					};
				};
			};
			buildConfigurationList = 6AF3F8AD2B04FC9C0001AB9F /* Build configuration list for PBXProject "RafFinder" */;
			compatibilityVersion = "Xcode 14.0";
			developmentRegion = en;
			hasScannedForEncodings = 0;
			knownRegions = (
				en,
				Base,
			);
			mainGroup = 6AF3F8A92B04FC9C0001AB9F;
			productRefGroup = 6AF3F8B32B04FC9C0001AB9F /* Products */;
			projectDirPath = "";
			projectRoot = "";
			targets = (
				6AF3F8B12B04FC9C0001AB9F /* RafFinder */,
			);
		};
/* End PBXProject section */

/* Begin PBXResourcesBuildPhase section */
		6AF3F8B02B04FC9C0001AB9F /* Resources */ = {
			isa = PBXResourcesBuildPhase;
			buildActionMask = 2147483647;
			files = (
				6AF3F8BD2B04FC9E0001AB9F /* Preview Assets.xcassets in Resources */,
				6AF3F8BA2B04FC9E0001AB9F /* Assets.xcassets in Resources */,
			);
			runOnlyForDeploymentPostprocessing = 0;
		};
/* End PBXResourcesBuildPhase section */

/* Begin PBXSourcesBuildPhase section */
		6AF3F8AE2B04FC9C0001AB9F /* Sources */ = {
			isa = PBXSourcesBuildPhase;
			buildActionMask = 2147483647;
			files = (
				FC8474792B20E8A900C42732 /* MapAnnotationView.swift in Sources */,
				FC84747D2B20E8ED00C42732 /* RestaurantPreview.swift in Sources */,
				FC8474742B20E81200C42732 /* FindSearch.swift in Sources */,
				FC6664982B1365B600937750 /* LocationSearchView.swift in Sources */,
				FC8474762B20E86C00C42732 /* Menu.swift in Sources */,
				FC84747F2B20E90000C42732 /* RestaurantView.swift in Sources */,
				FC8474712B20E7EA00C42732 /* RestaurantViewModel.swift in Sources */,
				FC8474812B20E91A00C42732 /* RestaurantListView.swift in Sources */,
				FC8474832B20F06D00C42732 /* ErrorWrapper.swift in Sources */,
				6AF3F8B62B04FC9C0001AB9F /* RafFinderApp.swift in Sources */,
				FC84746D2B20E7B400C42732 /* Location.swift in Sources */,
				FC6664942B13655500937750 /* RaflaMapRepresentable.swift in Sources */,
				FC66649A2B1365ED00937750 /* LocationSearchResult.swift in Sources */,
				FC6664922B13652F00937750 /* HomeView.swift in Sources */,
				FC84746A2B20E6C500C42732 /* SpeechRecognizer.swift in Sources */,
				FC54971C2B28617C00B88E68 /* LanguageManager.swift in Sources */,
				FC66648E2B1364BE00937750 /* LocationManager.swift in Sources */,
				FC84747B2B20E8D400C42732 /* RestaurantDetailView.swift in Sources */,
				FC6664962B13657D00937750 /* LocationSearchActivationView.swift in Sources */,
				FC84746F2B20E7C800C42732 /* LocationData.swift in Sources */,
				FC6664902B1364E600937750 /* FrontView.swift in Sources */,
			);
			runOnlyForDeploymentPostprocessing = 0;
		};
/* End PBXSourcesBuildPhase section */

/* Begin XCBuildConfiguration section */
		6AF3F8BE2B04FC9E0001AB9F /* Debug */ = {
			isa = XCBuildConfiguration;
			buildSettings = {
				ALWAYS_SEARCH_USER_PATHS = NO;
				CLANG_ANALYZER_NONNULL = YES;
				CLANG_ANALYZER_NUMBER_OBJECT_CONVERSION = YES_AGGRESSIVE;
				CLANG_CXX_LANGUAGE_STANDARD = "gnu++20";
				CLANG_ENABLE_MODULES = YES;
				CLANG_ENABLE_OBJC_ARC = YES;
				CLANG_ENABLE_OBJC_WEAK = YES;
				CLANG_WARN_BLOCK_CAPTURE_AUTORELEASING = YES;
				CLANG_WARN_BOOL_CONVERSION = YES;
				CLANG_WARN_COMMA = YES;
				CLANG_WARN_CONSTANT_CONVERSION = YES;
				CLANG_WARN_DEPRECATED_OBJC_IMPLEMENTATIONS = YES;
				CLANG_WARN_DIRECT_OBJC_ISA_USAGE = YES_ERROR;
				CLANG_WARN_DOCUMENTATION_COMMENTS = YES;
				CLANG_WARN_EMPTY_BODY = YES;
				CLANG_WARN_ENUM_CONVERSION = YES;
				CLANG_WARN_INFINITE_RECURSION = YES;
				CLANG_WARN_INT_CONVERSION = YES;
				CLANG_WARN_NON_LITERAL_NULL_CONVERSION = YES;
				CLANG_WARN_OBJC_IMPLICIT_RETAIN_SELF = YES;
				CLANG_WARN_OBJC_LITERAL_CONVERSION = YES;
				CLANG_WARN_OBJC_ROOT_CLASS = YES_ERROR;
				CLANG_WARN_QUOTED_INCLUDE_IN_FRAMEWORK_HEADER = YES;
				CLANG_WARN_RANGE_LOOP_ANALYSIS = YES;
				CLANG_WARN_STRICT_PROTOTYPES = YES;
				CLANG_WARN_SUSPICIOUS_MOVE = YES;
				CLANG_WARN_UNGUARDED_AVAILABILITY = YES_AGGRESSIVE;
				CLANG_WARN_UNREACHABLE_CODE = YES;
				CLANG_WARN__DUPLICATE_METHOD_MATCH = YES;
				COPY_PHASE_STRIP = NO;
				DEBUG_INFORMATION_FORMAT = dwarf;
				ENABLE_STRICT_OBJC_MSGSEND = YES;
				ENABLE_TESTABILITY = YES;
				GCC_C_LANGUAGE_STANDARD = gnu11;
				GCC_DYNAMIC_NO_PIC = NO;
				GCC_NO_COMMON_BLOCKS = YES;
				GCC_OPTIMIZATION_LEVEL = 0;
				GCC_PREPROCESSOR_DEFINITIONS = (
					"DEBUG=1",
					"$(inherited)",
				);
				GCC_WARN_64_TO_32_BIT_CONVERSION = YES;
				GCC_WARN_ABOUT_RETURN_TYPE = YES_ERROR;
				GCC_WARN_UNDECLARED_SELECTOR = YES;
				GCC_WARN_UNINITIALIZED_AUTOS = YES_AGGRESSIVE;
				GCC_WARN_UNUSED_FUNCTION = YES;
				GCC_WARN_UNUSED_VARIABLE = YES;
				IPHONEOS_DEPLOYMENT_TARGET = 16.4;
				MTL_ENABLE_DEBUG_INFO = INCLUDE_SOURCE;
				MTL_FAST_MATH = YES;
				ONLY_ACTIVE_ARCH = YES;
				SDKROOT = iphoneos;
				SWIFT_ACTIVE_COMPILATION_CONDITIONS = DEBUG;
				SWIFT_OPTIMIZATION_LEVEL = "-Onone";
			};
			name = Debug;
		};
		6AF3F8BF2B04FC9E0001AB9F /* Release */ = {
			isa = XCBuildConfiguration;
			buildSettings = {
				ALWAYS_SEARCH_USER_PATHS = NO;
				CLANG_ANALYZER_NONNULL = YES;
				CLANG_ANALYZER_NUMBER_OBJECT_CONVERSION = YES_AGGRESSIVE;
				CLANG_CXX_LANGUAGE_STANDARD = "gnu++20";
				CLANG_ENABLE_MODULES = YES;
				CLANG_ENABLE_OBJC_ARC = YES;
				CLANG_ENABLE_OBJC_WEAK = YES;
				CLANG_WARN_BLOCK_CAPTURE_AUTORELEASING = YES;
				CLANG_WARN_BOOL_CONVERSION = YES;
				CLANG_WARN_COMMA = YES;
				CLANG_WARN_CONSTANT_CONVERSION = YES;
				CLANG_WARN_DEPRECATED_OBJC_IMPLEMENTATIONS = YES;
				CLANG_WARN_DIRECT_OBJC_ISA_USAGE = YES_ERROR;
				CLANG_WARN_DOCUMENTATION_COMMENTS = YES;
				CLANG_WARN_EMPTY_BODY = YES;
				CLANG_WARN_ENUM_CONVERSION = YES;
				CLANG_WARN_INFINITE_RECURSION = YES;
				CLANG_WARN_INT_CONVERSION = YES;
				CLANG_WARN_NON_LITERAL_NULL_CONVERSION = YES;
				CLANG_WARN_OBJC_IMPLICIT_RETAIN_SELF = YES;
				CLANG_WARN_OBJC_LITERAL_CONVERSION = YES;
				CLANG_WARN_OBJC_ROOT_CLASS = YES_ERROR;
				CLANG_WARN_QUOTED_INCLUDE_IN_FRAMEWORK_HEADER = YES;
				CLANG_WARN_RANGE_LOOP_ANALYSIS = YES;
				CLANG_WARN_STRICT_PROTOTYPES = YES;
				CLANG_WARN_SUSPICIOUS_MOVE = YES;
				CLANG_WARN_UNGUARDED_AVAILABILITY = YES_AGGRESSIVE;
				CLANG_WARN_UNREACHABLE_CODE = YES;
				CLANG_WARN__DUPLICATE_METHOD_MATCH = YES;
				COPY_PHASE_STRIP = NO;
				DEBUG_INFORMATION_FORMAT = "dwarf-with-dsym";
				ENABLE_NS_ASSERTIONS = NO;
				ENABLE_STRICT_OBJC_MSGSEND = YES;
				GCC_C_LANGUAGE_STANDARD = gnu11;
				GCC_NO_COMMON_BLOCKS = YES;
				GCC_WARN_64_TO_32_BIT_CONVERSION = YES;
				GCC_WARN_ABOUT_RETURN_TYPE = YES_ERROR;
				GCC_WARN_UNDECLARED_SELECTOR = YES;
				GCC_WARN_UNINITIALIZED_AUTOS = YES_AGGRESSIVE;
				GCC_WARN_UNUSED_FUNCTION = YES;
				GCC_WARN_UNUSED_VARIABLE = YES;
				IPHONEOS_DEPLOYMENT_TARGET = 16.4;
				MTL_ENABLE_DEBUG_INFO = NO;
				MTL_FAST_MATH = YES;
				SDKROOT = iphoneos;
				SWIFT_COMPILATION_MODE = wholemodule;
				SWIFT_OPTIMIZATION_LEVEL = "-O";
				VALIDATE_PRODUCT = YES;
			};
			name = Release;
		};
		6AF3F8C12B04FC9E0001AB9F /* Debug */ = {
			isa = XCBuildConfiguration;
			buildSettings = {
				ASSETCATALOG_COMPILER_APPICON_NAME = AppIcon;
				ASSETCATALOG_COMPILER_GLOBAL_ACCENT_COLOR_NAME = AccentColor;
				CODE_SIGN_STYLE = Automatic;
				CURRENT_PROJECT_VERSION = 1;
				DEVELOPMENT_ASSET_PATHS = "\"RafFinder/Preview Content\"";
				DEVELOPMENT_TEAM = B9D6K8G2ZT;
				ENABLE_PREVIEWS = YES;
				GENERATE_INFOPLIST_FILE = YES;
				INFOPLIST_KEY_NSLocationWhenInUseUsageDescription = "This should be enabled ";
				INFOPLIST_KEY_NSMicrophoneUsageDescription = "Audio is recorded to transcribe the meeting. Audio recordings are discarded after transcription.";
				INFOPLIST_KEY_NSSpeechRecognitionUsageDescription = "You can view a text transcription of your meeting in the app.";
				INFOPLIST_KEY_UIApplicationSceneManifest_Generation = YES;
				INFOPLIST_KEY_UIApplicationSupportsIndirectInputEvents = YES;
				INFOPLIST_KEY_UILaunchScreen_Generation = YES;
				INFOPLIST_KEY_UISupportedInterfaceOrientations_iPad = "UIInterfaceOrientationPortrait UIInterfaceOrientationPortraitUpsideDown UIInterfaceOrientationLandscapeLeft UIInterfaceOrientationLandscapeRight";
				INFOPLIST_KEY_UISupportedInterfaceOrientations_iPhone = "UIInterfaceOrientationPortrait UIInterfaceOrientationLandscapeLeft UIInterfaceOrientationLandscapeRight";
				IPHONEOS_DEPLOYMENT_TARGET = 16.6;
				LD_RUNPATH_SEARCH_PATHS = (
					"$(inherited)",
					"@executable_path/Frameworks",
				);
				MARKETING_VERSION = 1.0;
				PRODUCT_BUNDLE_IDENTIFIER = "christio-metropolia.fi.RafFinder";
				PRODUCT_NAME = "$(TARGET_NAME)";
				SWIFT_EMIT_LOC_STRINGS = YES;
				SWIFT_VERSION = 5.0;
				TARGETED_DEVICE_FAMILY = "1,2";
			};
			name = Debug;
		};
		6AF3F8C22B04FC9E0001AB9F /* Release */ = {
			isa = XCBuildConfiguration;
			buildSettings = {
				ASSETCATALOG_COMPILER_APPICON_NAME = AppIcon;
				ASSETCATALOG_COMPILER_GLOBAL_ACCENT_COLOR_NAME = AccentColor;
				CODE_SIGN_STYLE = Automatic;
				CURRENT_PROJECT_VERSION = 1;
				DEVELOPMENT_ASSET_PATHS = "\"RafFinder/Preview Content\"";
				DEVELOPMENT_TEAM = B9D6K8G2ZT;
				ENABLE_PREVIEWS = YES;
				GENERATE_INFOPLIST_FILE = YES;
				INFOPLIST_KEY_NSLocationWhenInUseUsageDescription = "This should be enabled ";
				INFOPLIST_KEY_NSMicrophoneUsageDescription = "Audio is recorded to transcribe the meeting. Audio recordings are discarded after transcription.";
				INFOPLIST_KEY_NSSpeechRecognitionUsageDescription = "You can view a text transcription of your meeting in the app.";
				INFOPLIST_KEY_UIApplicationSceneManifest_Generation = YES;
				INFOPLIST_KEY_UIApplicationSupportsIndirectInputEvents = YES;
				INFOPLIST_KEY_UILaunchScreen_Generation = YES;
				INFOPLIST_KEY_UISupportedInterfaceOrientations_iPad = "UIInterfaceOrientationPortrait UIInterfaceOrientationPortraitUpsideDown UIInterfaceOrientationLandscapeLeft UIInterfaceOrientationLandscapeRight";
				INFOPLIST_KEY_UISupportedInterfaceOrientations_iPhone = "UIInterfaceOrientationPortrait UIInterfaceOrientationLandscapeLeft UIInterfaceOrientationLandscapeRight";
				IPHONEOS_DEPLOYMENT_TARGET = 16.6;
				LD_RUNPATH_SEARCH_PATHS = (
					"$(inherited)",
					"@executable_path/Frameworks",
				);
				MARKETING_VERSION = 1.0;
				PRODUCT_BUNDLE_IDENTIFIER = "christio-metropolia.fi.RafFinder";
				PRODUCT_NAME = "$(TARGET_NAME)";
				SWIFT_EMIT_LOC_STRINGS = YES;
				SWIFT_VERSION = 5.0;
				TARGETED_DEVICE_FAMILY = "1,2";
			};
			name = Release;
		};
/* End XCBuildConfiguration section */

/* Begin XCConfigurationList section */
		6AF3F8AD2B04FC9C0001AB9F /* Build configuration list for PBXProject "RafFinder" */ = {
			isa = XCConfigurationList;
			buildConfigurations = (
				6AF3F8BE2B04FC9E0001AB9F /* Debug */,
				6AF3F8BF2B04FC9E0001AB9F /* Release */,
			);
			defaultConfigurationIsVisible = 0;
			defaultConfigurationName = Release;
		};
		6AF3F8C02B04FC9E0001AB9F /* Build configuration list for PBXNativeTarget "RafFinder" */ = {
			isa = XCConfigurationList;
			buildConfigurations = (
				6AF3F8C12B04FC9E0001AB9F /* Debug */,
				6AF3F8C22B04FC9E0001AB9F /* Release */,
			);
			defaultConfigurationIsVisible = 0;
			defaultConfigurationName = Release;
		};
/* End XCConfigurationList section */
	};
	rootObject = 6AF3F8AA2B04FC9C0001AB9F /* Project object */;
}
