// !$*UTF8*$!
{
	archiveVersion = 1;
	classes = {
	};
	objectVersion = 56;
	objects = {

/* Begin PBXBuildFile section */
		6A6C3DB62B09F0EB00118509 /* Menu.swift in Sources */ = {isa = PBXBuildFile; fileRef = 6A6C3DB52B09F0EB00118509 /* Menu.swift */; };
		6A6C3DB82B0CD45800118509 /* MapAnnotationView.swift in Sources */ = {isa = PBXBuildFile; fileRef = 6A6C3DB72B0CD45800118509 /* MapAnnotationView.swift */; };
		6A6C3DBA2B0CD52800118509 /* RestaurantDetailView.swift in Sources */ = {isa = PBXBuildFile; fileRef = 6A6C3DB92B0CD52800118509 /* RestaurantDetailView.swift */; };
		6A6C3DBC2B0CD58900118509 /* RestaurantView.swift in Sources */ = {isa = PBXBuildFile; fileRef = 6A6C3DBB2B0CD58900118509 /* RestaurantView.swift */; };
		6A6C3DBE2B0CD5C100118509 /* RestaurantsListView.swift in Sources */ = {isa = PBXBuildFile; fileRef = 6A6C3DBD2B0CD5C100118509 /* RestaurantsListView.swift */; };
		6A6C3DC12B0CD65200118509 /* RestaurantViewModel.swift in Sources */ = {isa = PBXBuildFile; fileRef = 6A6C3DC02B0CD65200118509 /* RestaurantViewModel.swift */; };
		6A6C3DC42B0CD6B400118509 /* Location.swift in Sources */ = {isa = PBXBuildFile; fileRef = 6A6C3DC32B0CD6B400118509 /* Location.swift */; };
		6A6C3DC62B0CD6D000118509 /* LocationData.swift in Sources */ = {isa = PBXBuildFile; fileRef = 6A6C3DC52B0CD6D000118509 /* LocationData.swift */; };
		6A6C3DC82B0CDA8300118509 /* FrontView.swift in Sources */ = {isa = PBXBuildFile; fileRef = 6A6C3DC72B0CDA8300118509 /* FrontView.swift */; };
		6A6C3DCF2B11240300118509 /* RestaurantPreview.swift in Sources */ = {isa = PBXBuildFile; fileRef = 6A6C3DCE2B11240300118509 /* RestaurantPreview.swift */; };
		6A6C3DD22B12106100118509 /* API.swift in Sources */ = {isa = PBXBuildFile; fileRef = 6A6C3DD12B12106100118509 /* API.swift */; };
		6A6C3DD42B12107700118509 /* FIndSearch.swift in Sources */ = {isa = PBXBuildFile; fileRef = 6A6C3DD32B12107700118509 /* FIndSearch.swift */; };
		6AF3F8B62B04FC9C0001AB9F /* RafFinderApp.swift in Sources */ = {isa = PBXBuildFile; fileRef = 6AF3F8B52B04FC9C0001AB9F /* RafFinderApp.swift */; };
		6AF3F8BA2B04FC9E0001AB9F /* Assets.xcassets in Resources */ = {isa = PBXBuildFile; fileRef = 6AF3F8B92B04FC9E0001AB9F /* Assets.xcassets */; };
		6AF3F8BD2B04FC9E0001AB9F /* Preview Assets.xcassets in Resources */ = {isa = PBXBuildFile; fileRef = 6AF3F8BC2B04FC9E0001AB9F /* Preview Assets.xcassets */; };
/* End PBXBuildFile section */

/* Begin PBXFileReference section */
		6A6C3DB52B09F0EB00118509 /* Menu.swift */ = {isa = PBXFileReference; lastKnownFileType = sourcecode.swift; path = Menu.swift; sourceTree = "<group>"; };
		6A6C3DB72B0CD45800118509 /* MapAnnotationView.swift */ = {isa = PBXFileReference; lastKnownFileType = sourcecode.swift; path = MapAnnotationView.swift; sourceTree = "<group>"; };
		6A6C3DB92B0CD52800118509 /* RestaurantDetailView.swift */ = {isa = PBXFileReference; lastKnownFileType = sourcecode.swift; path = RestaurantDetailView.swift; sourceTree = "<group>"; };
		6A6C3DBB2B0CD58900118509 /* RestaurantView.swift */ = {isa = PBXFileReference; lastKnownFileType = sourcecode.swift; path = RestaurantView.swift; sourceTree = "<group>"; };
		6A6C3DBD2B0CD5C100118509 /* RestaurantsListView.swift */ = {isa = PBXFileReference; lastKnownFileType = sourcecode.swift; path = RestaurantsListView.swift; sourceTree = "<group>"; };
		6A6C3DC02B0CD65200118509 /* RestaurantViewModel.swift */ = {isa = PBXFileReference; lastKnownFileType = sourcecode.swift; path = RestaurantViewModel.swift; sourceTree = "<group>"; };
		6A6C3DC32B0CD6B400118509 /* Location.swift */ = {isa = PBXFileReference; lastKnownFileType = sourcecode.swift; path = Location.swift; sourceTree = "<group>"; };
		6A6C3DC52B0CD6D000118509 /* LocationData.swift */ = {isa = PBXFileReference; lastKnownFileType = sourcecode.swift; path = LocationData.swift; sourceTree = "<group>"; };
		6A6C3DC72B0CDA8300118509 /* FrontView.swift */ = {isa = PBXFileReference; lastKnownFileType = sourcecode.swift; path = FrontView.swift; sourceTree = "<group>"; };
		6A6C3DCE2B11240300118509 /* RestaurantPreview.swift */ = {isa = PBXFileReference; lastKnownFileType = sourcecode.swift; path = RestaurantPreview.swift; sourceTree = "<group>"; };
		6A6C3DD12B12106100118509 /* API.swift */ = {isa = PBXFileReference; lastKnownFileType = sourcecode.swift; path = API.swift; sourceTree = "<group>"; };
		6A6C3DD32B12107700118509 /* FIndSearch.swift */ = {isa = PBXFileReference; lastKnownFileType = sourcecode.swift; path = FIndSearch.swift; sourceTree = "<group>"; };
		6AF3F8B22B04FC9C0001AB9F /* RafFinder.app */ = {isa = PBXFileReference; explicitFileType = wrapper.application; includeInIndex = 0; path = RafFinder.app; sourceTree = BUILT_PRODUCTS_DIR; };
		6AF3F8B52B04FC9C0001AB9F /* RafFinderApp.swift */ = {isa = PBXFileReference; lastKnownFileType = sourcecode.swift; path = RafFinderApp.swift; sourceTree = "<group>"; };
		6AF3F8B92B04FC9E0001AB9F /* Assets.xcassets */ = {isa = PBXFileReference; lastKnownFileType = folder.assetcatalog; path = Assets.xcassets; sourceTree = "<group>"; };
		6AF3F8BC2B04FC9E0001AB9F /* Preview Assets.xcassets */ = {isa = PBXFileReference; lastKnownFileType = folder.assetcatalog; path = "Preview Assets.xcassets"; sourceTree = "<group>"; };
/* End PBXFileReference section */

/* Begin PBXFrameworksBuildPhase section */
		6AF3F8AF2B04FC9C0001AB9F /* Frameworks */ = {
			isa = PBXFrameworksBuildPhase;
			buildActionMask = 2147483647;
			files = (
			);
			runOnlyForDeploymentPostprocessing = 0;
		};
/* End PBXFrameworksBuildPhase section */

/* Begin PBXGroup section */
		6A6C3DBF2B0CD61C00118509 /* Models */ = {
			isa = PBXGroup;
			children = (
				6A6C3DC02B0CD65200118509 /* RestaurantViewModel.swift */,
			);
			path = Models;
			sourceTree = "<group>";
		};
		6A6C3DC22B0CD67300118509 /* LocationData */ = {
			isa = PBXGroup;
			children = (
				6A6C3DC32B0CD6B400118509 /* Location.swift */,
				6A6C3DC52B0CD6D000118509 /* LocationData.swift */,
			);
			path = LocationData;
			sourceTree = "<group>";
		};
		6A6C3DCD2B11166A00118509 /* RestaurantViews */ = {
			isa = PBXGroup;
			children = (
				6A6C3DBD2B0CD5C100118509 /* RestaurantsListView.swift */,
				6A6C3DBB2B0CD58900118509 /* RestaurantView.swift */,
				6A6C3DB92B0CD52800118509 /* RestaurantDetailView.swift */,
				6A6C3DB72B0CD45800118509 /* MapAnnotationView.swift */,
				6A6C3DCE2B11240300118509 /* RestaurantPreview.swift */,
			);
			path = RestaurantViews;
			sourceTree = "<group>";
		};
		6A6C3DD02B12101900118509 /* ApiFiles */ = {
			isa = PBXGroup;
			children = (
				6A6C3DD12B12106100118509 /* API.swift */,
				6A6C3DD32B12107700118509 /* FIndSearch.swift */,
			);
			path = ApiFiles;
			sourceTree = "<group>";
		};
		6AF3F8A92B04FC9C0001AB9F = {
			isa = PBXGroup;
			children = (
				6A6C3DC22B0CD67300118509 /* LocationData */,
				6A6C3DBF2B0CD61C00118509 /* Models */,
				6AF3F8B42B04FC9C0001AB9F /* RafFinder */,
				6AF3F8B32B04FC9C0001AB9F /* Products */,
			);
			sourceTree = "<group>";
		};
		6AF3F8B32B04FC9C0001AB9F /* Products */ = {
			isa = PBXGroup;
			children = (
				6AF3F8B22B04FC9C0001AB9F /* RafFinder.app */,
			);
			name = Products;
			sourceTree = "<group>";
		};
		6AF3F8B42B04FC9C0001AB9F /* RafFinder */ = {
			isa = PBXGroup;
			children = (
				6A6C3DD02B12101900118509 /* ApiFiles */,
				6A6C3DCD2B11166A00118509 /* RestaurantViews */,
				6AF3F8B52B04FC9C0001AB9F /* RafFinderApp.swift */,
				6A6C3DC72B0CDA8300118509 /* FrontView.swift */,
				6A6C3DB52B09F0EB00118509 /* Menu.swift */,
				6AF3F8B92B04FC9E0001AB9F /* Assets.xcassets */,
				6AF3F8BB2B04FC9E0001AB9F /* Preview Content */,
			);
			path = RafFinder;
			sourceTree = "<group>";
		};
		6AF3F8BB2B04FC9E0001AB9F /* Preview Content */ = {
			isa = PBXGroup;
			children = (
				6AF3F8BC2B04FC9E0001AB9F /* Preview Assets.xcassets */,
			);
			path = "Preview Content";
			sourceTree = "<group>";
		};
/* End PBXGroup section */

/* Begin PBXNativeTarget section */
		6AF3F8B12B04FC9C0001AB9F /* RafFinder */ = {
			isa = PBXNativeTarget;
			buildConfigurationList = 6AF3F8C02B04FC9E0001AB9F /* Build configuration list for PBXNativeTarget "RafFinder" */;
			buildPhases = (
				6AF3F8AE2B04FC9C0001AB9F /* Sources */,
				6AF3F8AF2B04FC9C0001AB9F /* Frameworks */,
				6AF3F8B02B04FC9C0001AB9F /* Resources */,
			);
			buildRules = (
			);
			dependencies = (
			);
			name = RafFinder;
			productName = RafFinder;
			productReference = 6AF3F8B22B04FC9C0001AB9F /* RafFinder.app */;
			productType = "com.apple.product-type.application";
		};
/* End PBXNativeTarget section */

/* Begin PBXProject section */
		6AF3F8AA2B04FC9C0001AB9F /* Project object */ = {
			isa = PBXProject;
			attributes = {
				BuildIndependentTargetsInParallel = 1;
				LastSwiftUpdateCheck = 1430;
				LastUpgradeCheck = 1430;
				TargetAttributes = {
					6AF3F8B12B04FC9C0001AB9F = {
						CreatedOnToolsVersion = 14.3.1;
					};
				};
			};
			buildConfigurationList = 6AF3F8AD2B04FC9C0001AB9F /* Build configuration list for PBXProject "RafFinder" */;
			compatibilityVersion = "Xcode 14.0";
			developmentRegion = en;
			hasScannedForEncodings = 0;
			knownRegions = (
				en,
				Base,
			);
			mainGroup = 6AF3F8A92B04FC9C0001AB9F;
			productRefGroup = 6AF3F8B32B04FC9C0001AB9F /* Products */;
			projectDirPath = "";
			projectRoot = "";
			targets = (
				6AF3F8B12B04FC9C0001AB9F /* RafFinder */,
			);
		};
/* End PBXProject section */

/* Begin PBXResourcesBuildPhase section */
		6AF3F8B02B04FC9C0001AB9F /* Resources */ = {
			isa = PBXResourcesBuildPhase;
			buildActionMask = 2147483647;
			files = (
				6AF3F8BD2B04FC9E0001AB9F /* Preview Assets.xcassets in Resources */,
				6AF3F8BA2B04FC9E0001AB9F /* Assets.xcassets in Resources */,
			);
			runOnlyForDeploymentPostprocessing = 0;
		};
/* End PBXResourcesBuildPhase section */

/* Begin PBXSourcesBuildPhase section */
		6AF3F8AE2B04FC9C0001AB9F /* Sources */ = {
			isa = PBXSourcesBuildPhase;
			buildActionMask = 2147483647;
			files = (
				6A6C3DD42B12107700118509 /* FIndSearch.swift in Sources */,
				6A6C3DB62B09F0EB00118509 /* Menu.swift in Sources */,
				6A6C3DCF2B11240300118509 /* RestaurantPreview.swift in Sources */,
				6A6C3DC12B0CD65200118509 /* RestaurantViewModel.swift in Sources */,
				6A6C3DBA2B0CD52800118509 /* RestaurantDetailView.swift in Sources */,
				6A6C3DC82B0CDA8300118509 /* FrontView.swift in Sources */,
				6A6C3DC62B0CD6D000118509 /* LocationData.swift in Sources */,
				6A6C3DC42B0CD6B400118509 /* Location.swift in Sources */,
				6A6C3DD22B12106100118509 /* API.swift in Sources */,
				6A6C3DB82B0CD45800118509 /* MapAnnotationView.swift in Sources */,
				6AF3F8B62B04FC9C0001AB9F /* RafFinderApp.swift in Sources */,
				6A6C3DBC2B0CD58900118509 /* RestaurantView.swift in Sources */,
				6A6C3DBE2B0CD5C100118509 /* RestaurantsListView.swift in Sources */,
			);
			runOnlyForDeploymentPostprocessing = 0;
		};
/* End PBXSourcesBuildPhase section */

/* Begin XCBuildConfiguration section */
		6AF3F8BE2B04FC9E0001AB9F /* Debug */ = {
			isa = XCBuildConfiguration;
			buildSettings = {
				ALWAYS_SEARCH_USER_PATHS = NO;
				CLANG_ANALYZER_NONNULL = YES;
				CLANG_ANALYZER_NUMBER_OBJECT_CONVERSION = YES_AGGRESSIVE;
				CLANG_CXX_LANGUAGE_STANDARD = "gnu++20";
				CLANG_ENABLE_MODULES = YES;
				CLANG_ENABLE_OBJC_ARC = YES;
				CLANG_ENABLE_OBJC_WEAK = YES;
				CLANG_WARN_BLOCK_CAPTURE_AUTORELEASING = YES;
				CLANG_WARN_BOOL_CONVERSION = YES;
				CLANG_WARN_COMMA = YES;
				CLANG_WARN_CONSTANT_CONVERSION = YES;
				CLANG_WARN_DEPRECATED_OBJC_IMPLEMENTATIONS = YES;
				CLANG_WARN_DIRECT_OBJC_ISA_USAGE = YES_ERROR;
				CLANG_WARN_DOCUMENTATION_COMMENTS = YES;
				CLANG_WARN_EMPTY_BODY = YES;
				CLANG_WARN_ENUM_CONVERSION = YES;
				CLANG_WARN_INFINITE_RECURSION = YES;
				CLANG_WARN_INT_CONVERSION = YES;
				CLANG_WARN_NON_LITERAL_NULL_CONVERSION = YES;
				CLANG_WARN_OBJC_IMPLICIT_RETAIN_SELF = YES;
				CLANG_WARN_OBJC_LITERAL_CONVERSION = YES;
				CLANG_WARN_OBJC_ROOT_CLASS = YES_ERROR;
				CLANG_WARN_QUOTED_INCLUDE_IN_FRAMEWORK_HEADER = YES;
				CLANG_WARN_RANGE_LOOP_ANALYSIS = YES;
				CLANG_WARN_STRICT_PROTOTYPES = YES;
				CLANG_WARN_SUSPICIOUS_MOVE = YES;
				CLANG_WARN_UNGUARDED_AVAILABILITY = YES_AGGRESSIVE;
				CLANG_WARN_UNREACHABLE_CODE = YES;
				CLANG_WARN__DUPLICATE_METHOD_MATCH = YES;
				COPY_PHASE_STRIP = NO;
				DEBUG_INFORMATION_FORMAT = dwarf;
				ENABLE_STRICT_OBJC_MSGSEND = YES;
				ENABLE_TESTABILITY = YES;
				GCC_C_LANGUAGE_STANDARD = gnu11;
				GCC_DYNAMIC_NO_PIC = NO;
				GCC_NO_COMMON_BLOCKS = YES;
				GCC_OPTIMIZATION_LEVEL = 0;
				GCC_PREPROCESSOR_DEFINITIONS = (
					"DEBUG=1",
					"$(inherited)",
				);
				GCC_WARN_64_TO_32_BIT_CONVERSION = YES;
				GCC_WARN_ABOUT_RETURN_TYPE = YES_ERROR;
				GCC_WARN_UNDECLARED_SELECTOR = YES;
				GCC_WARN_UNINITIALIZED_AUTOS = YES_AGGRESSIVE;
				GCC_WARN_UNUSED_FUNCTION = YES;
				GCC_WARN_UNUSED_VARIABLE = YES;
				IPHONEOS_DEPLOYMENT_TARGET = 16.4;
				MTL_ENABLE_DEBUG_INFO = INCLUDE_SOURCE;
				MTL_FAST_MATH = YES;
				ONLY_ACTIVE_ARCH = YES;
				SDKROOT = iphoneos;
				SWIFT_ACTIVE_COMPILATION_CONDITIONS = DEBUG;
				SWIFT_OPTIMIZATION_LEVEL = "-Onone";
			};
			name = Debug;
		};
		6AF3F8BF2B04FC9E0001AB9F /* Release */ = {
			isa = XCBuildConfiguration;
			buildSettings = {
				ALWAYS_SEARCH_USER_PATHS = NO;
				CLANG_ANALYZER_NONNULL = YES;
				CLANG_ANALYZER_NUMBER_OBJECT_CONVERSION = YES_AGGRESSIVE;
				CLANG_CXX_LANGUAGE_STANDARD = "gnu++20";
				CLANG_ENABLE_MODULES = YES;
				CLANG_ENABLE_OBJC_ARC = YES;
				CLANG_ENABLE_OBJC_WEAK = YES;
				CLANG_WARN_BLOCK_CAPTURE_AUTORELEASING = YES;
				CLANG_WARN_BOOL_CONVERSION = YES;
				CLANG_WARN_COMMA = YES;
				CLANG_WARN_CONSTANT_CONVERSION = YES;
				CLANG_WARN_DEPRECATED_OBJC_IMPLEMENTATIONS = YES;
				CLANG_WARN_DIRECT_OBJC_ISA_USAGE = YES_ERROR;
				CLANG_WARN_DOCUMENTATION_COMMENTS = YES;
				CLANG_WARN_EMPTY_BODY = YES;
				CLANG_WARN_ENUM_CONVERSION = YES;
				CLANG_WARN_INFINITE_RECURSION = YES;
				CLANG_WARN_INT_CONVERSION = YES;
				CLANG_WARN_NON_LITERAL_NULL_CONVERSION = YES;
				CLANG_WARN_OBJC_IMPLICIT_RETAIN_SELF = YES;
				CLANG_WARN_OBJC_LITERAL_CONVERSION = YES;
				CLANG_WARN_OBJC_ROOT_CLASS = YES_ERROR;
				CLANG_WARN_QUOTED_INCLUDE_IN_FRAMEWORK_HEADER = YES;
				CLANG_WARN_RANGE_LOOP_ANALYSIS = YES;
				CLANG_WARN_STRICT_PROTOTYPES = YES;
				CLANG_WARN_SUSPICIOUS_MOVE = YES;
				CLANG_WARN_UNGUARDED_AVAILABILITY = YES_AGGRESSIVE;
				CLANG_WARN_UNREACHABLE_CODE = YES;
				CLANG_WARN__DUPLICATE_METHOD_MATCH = YES;
				COPY_PHASE_STRIP = NO;
				DEBUG_INFORMATION_FORMAT = "dwarf-with-dsym";
				ENABLE_NS_ASSERTIONS = NO;
				ENABLE_STRICT_OBJC_MSGSEND = YES;
				GCC_C_LANGUAGE_STANDARD = gnu11;
				GCC_NO_COMMON_BLOCKS = YES;
				GCC_WARN_64_TO_32_BIT_CONVERSION = YES;
				GCC_WARN_ABOUT_RETURN_TYPE = YES_ERROR;
				GCC_WARN_UNDECLARED_SELECTOR = YES;
				GCC_WARN_UNINITIALIZED_AUTOS = YES_AGGRESSIVE;
				GCC_WARN_UNUSED_FUNCTION = YES;
				GCC_WARN_UNUSED_VARIABLE = YES;
				IPHONEOS_DEPLOYMENT_TARGET = 16.4;
				MTL_ENABLE_DEBUG_INFO = NO;
				MTL_FAST_MATH = YES;
				SDKROOT = iphoneos;
				SWIFT_COMPILATION_MODE = wholemodule;
				SWIFT_OPTIMIZATION_LEVEL = "-O";
				VALIDATE_PRODUCT = YES;
			};
			name = Release;
		};
		6AF3F8C12B04FC9E0001AB9F /* Debug */ = {
			isa = XCBuildConfiguration;
			buildSettings = {
				ASSETCATALOG_COMPILER_APPICON_NAME = AppIcon;
				ASSETCATALOG_COMPILER_GLOBAL_ACCENT_COLOR_NAME = AccentColor;
				CODE_SIGN_STYLE = Automatic;
				CURRENT_PROJECT_VERSION = 1;
				DEVELOPMENT_ASSET_PATHS = "\"RafFinder/Preview Content\"";
				ENABLE_PREVIEWS = YES;
				GENERATE_INFOPLIST_FILE = YES;
				INFOPLIST_KEY_NSLocationAlwaysAndWhenInUseUsageDescription = "Can we use your location?";
				INFOPLIST_KEY_NSLocationAlwaysUsageDescription = "";
				INFOPLIST_KEY_UIApplicationSceneManifest_Generation = YES;
				INFOPLIST_KEY_UIApplicationSupportsIndirectInputEvents = YES;
				INFOPLIST_KEY_UILaunchScreen_Generation = YES;
				INFOPLIST_KEY_UISupportedInterfaceOrientations_iPad = "UIInterfaceOrientationPortrait UIInterfaceOrientationPortraitUpsideDown UIInterfaceOrientationLandscapeLeft UIInterfaceOrientationLandscapeRight";
				INFOPLIST_KEY_UISupportedInterfaceOrientations_iPhone = "UIInterfaceOrientationPortrait UIInterfaceOrientationLandscapeLeft UIInterfaceOrientationLandscapeRight";
				LD_RUNPATH_SEARCH_PATHS = (
					"$(inherited)",
					"@executable_path/Frameworks",
				);
				MARKETING_VERSION = 1.0;
				PRODUCT_BUNDLE_IDENTIFIER = "christio-metropolia.fi.RafFinder";
				PRODUCT_NAME = "$(TARGET_NAME)";
				SWIFT_EMIT_LOC_STRINGS = YES;
				SWIFT_VERSION = 5.0;
				TARGETED_DEVICE_FAMILY = "1,2";
			};
			name = Debug;
		};
		6AF3F8C22B04FC9E0001AB9F /* Release */ = {
			isa = XCBuildConfiguration;
			buildSettings = {
				ASSETCATALOG_COMPILER_APPICON_NAME = AppIcon;
				ASSETCATALOG_COMPILER_GLOBAL_ACCENT_COLOR_NAME = AccentColor;
				CODE_SIGN_STYLE = Automatic;
				CURRENT_PROJECT_VERSION = 1;
				DEVELOPMENT_ASSET_PATHS = "\"RafFinder/Preview Content\"";
				ENABLE_PREVIEWS = YES;
				GENERATE_INFOPLIST_FILE = YES;
				INFOPLIST_KEY_NSLocationAlwaysAndWhenInUseUsageDescription = "Can we use your location?";
				INFOPLIST_KEY_NSLocationAlwaysUsageDescription = "";
				INFOPLIST_KEY_UIApplicationSceneManifest_Generation = YES;
				INFOPLIST_KEY_UIApplicationSupportsIndirectInputEvents = YES;
				INFOPLIST_KEY_UILaunchScreen_Generation = YES;
				INFOPLIST_KEY_UISupportedInterfaceOrientations_iPad = "UIInterfaceOrientationPortrait UIInterfaceOrientationPortraitUpsideDown UIInterfaceOrientationLandscapeLeft UIInterfaceOrientationLandscapeRight";
				INFOPLIST_KEY_UISupportedInterfaceOrientations_iPhone = "UIInterfaceOrientationPortrait UIInterfaceOrientationLandscapeLeft UIInterfaceOrientationLandscapeRight";
				LD_RUNPATH_SEARCH_PATHS = (
					"$(inherited)",
					"@executable_path/Frameworks",
				);
				MARKETING_VERSION = 1.0;
				PRODUCT_BUNDLE_IDENTIFIER = "christio-metropolia.fi.RafFinder";
				PRODUCT_NAME = "$(TARGET_NAME)";
				SWIFT_EMIT_LOC_STRINGS = YES;
				SWIFT_VERSION = 5.0;
				TARGETED_DEVICE_FAMILY = "1,2";
			};
			name = Release;
		};
/* End XCBuildConfiguration section */

/* Begin XCConfigurationList section */
		6AF3F8AD2B04FC9C0001AB9F /* Build configuration list for PBXProject "RafFinder" */ = {
			isa = XCConfigurationList;
			buildConfigurations = (
				6AF3F8BE2B04FC9E0001AB9F /* Debug */,
				6AF3F8BF2B04FC9E0001AB9F /* Release */,
			);
			defaultConfigurationIsVisible = 0;
			defaultConfigurationName = Release;
		};
		6AF3F8C02B04FC9E0001AB9F /* Build configuration list for PBXNativeTarget "RafFinder" */ = {
			isa = XCConfigurationList;
			buildConfigurations = (
				6AF3F8C12B04FC9E0001AB9F /* Debug */,
				6AF3F8C22B04FC9E0001AB9F /* Release */,
			);
			defaultConfigurationIsVisible = 0;
			defaultConfigurationName = Release;
		};
/* End XCConfigurationList section */
	};
	rootObject = 6AF3F8AA2B04FC9C0001AB9F /* Project object */;
}
